
Microsoft Visual Studio Solution File, Format Version 12.00
# Visual Studio Version 17
VisualStudioVersion = 17.14.36401.2
MinimumVisualStudioVersion = 10.0.40219.1
Project("{FAE04EC0-301F-11D3-BF4B-00C04F79EFBC}") = "Gls", "src\Gls\Gls.csproj", "{B086383D-A2EF-4EE1-A6EC-E7D87DDCDD1F}"
EndProject
Project("{FAE04EC0-301F-11D3-BF4B-00C04F79EFBC}") = "GlsIntegrationTests", "tests\GlsIntegrationTests\GlsIntegrationTests.csproj", "{BB7BD44D-909C-41D0-8027-945C198E9A55}"
EndProject
Global
	GlobalSection(SolutionConfigurationPlatforms) = preSolution
		Debug|Any CPU = Debug|Any CPU
		Release|Any CPU = Release|Any CPU
	EndGlobalSection
	GlobalSection(ProjectConfigurationPlatforms) = postSolution
		{B086383D-A2EF-4EE1-A6EC-E7D87DDCDD1F}.Debug|Any CPU.ActiveCfg = Debug|Any CPU
		{B086383D-A2EF-4EE1-A6EC-E7D87DDCDD1F}.Debug|Any CPU.Build.0 = Debug|Any CPU
		{B086383D-A2EF-4EE1-A6EC-E7D87DDCDD1F}.Release|Any CPU.ActiveCfg = Release|Any CPU
		{B086383D-A2EF-4EE1-A6EC-E7D87DDCDD1F}.Release|Any CPU.Build.0 = Release|Any CPU
		{BB7BD44D-909C-41D0-8027-945C198E9A55}.Debug|Any CPU.ActiveCfg = Debug|Any CPU
		{BB7BD44D-909C-41D0-8027-945C198E9A55}.Debug|Any CPU.Build.0 = Debug|Any CPU
		{BB7BD44D-909C-41D0-8027-945C198E9A55}.Release|Any CPU.ActiveCfg = Release|Any CPU
		{BB7BD44D-909C-41D0-8027-945C198E9A55}.Release|Any CPU.Build.0 = Release|Any CPU
	EndGlobalSection
	GlobalSection(SolutionProperties) = preSolution
		HideSolutionNode = FALSE
	EndGlobalSection
	GlobalSection(ExtensibilityGlobals) = postSolution
		SolutionGuid = {EFCCECD9-7667-4FC3-BB39-3A3A9EBDE983}
	EndGlobalSection
EndGlobal
